{
  "originHash" : "9d90c4c705bfe70643781a658dc1190c864dc124a7da3967ac113afa23b33b87",
  "pins" : [
    {
      "identity" : "sparkle",
      "kind" : "remoteSourceControl",
      "location" : "https://github.com/sparkle-project/Sparkle.git",
      "state" : {
        "revision" : "066e75a8b3e99962685d6a90cdd5293ebffd9261",
        "version" : "2.9.1"
      }
    }
  ],
  "version" : 3
}
